
[move]
version = 3
manifest_digest = "54F771BCF842A010D72D8102AFA84442BD699F00C6BEC92DAE0D01B4124E9DCD"
deps_digest = "060AD7E57DFB13104F21BE5F5C3759D03F0553FC3229247D9A7A6B45F50D03A3"
dependencies = [
  { id = "MoveStdlib", name = "MoveStdlib" },
  { id = "MySocial", name = "MySocial" },
  { id = "seal", name = "seal" },
]

[[move.package]]
id = "MoveStdlib"
source = { local = "../move-stdlib" }

[[move.package]]
id = "MySocial"
source = { local = "../mys-framework" }

dependencies = [
  { id = "MoveStdlib", name = "MoveStdlib" },
]

[[move.package]]
id = "seal"
source = { local = "../seal" }

dependencies = [
  { id = "MoveStdlib", name = "MoveStdlib" },
  { id = "MySocial", name = "MySocial" },
]

[move.toolchain-version]
compiler-version = "0.0.1"
edition = "2024"
flavor = "mys"

[env]

[env.localnet]
chain-id = "03c444e8"
original-published-id = "0x73e88d4972f4d5d16a914ecb89176b04d83b3128e80f21491d76f3ed9b711340"
latest-published-id = "0x73e88d4972f4d5d16a914ecb89176b04d83b3128e80f21491d76f3ed9b711340"
published-version = "1"
