
[move]
version = 3
manifest_digest = "6B3C85E368EF895E4732E2276D17F74245C5791F63560E6A8FE18F510C116E86"
deps_digest = "F9B494B64F0615AED0E98FC12A85B85ECD2BC5185C22D30E7F67786BB52E507C"
dependencies = [
  { id = "MoveStdlib", name = "MoveStdlib" },
  { id = "MySocial", name = "MySocial" },
  { id = "MyUSD", name = "MyUSD" },
  { id = "mydata", name = "mydata" },
]

[[move.package]]
id = "MoveStdlib"
source = { local = "../move-stdlib" }

[[move.package]]
id = "MySocial"
source = { local = "../mys-framework" }

dependencies = [
  { id = "MoveStdlib", name = "MoveStdlib" },
]

[[move.package]]
id = "MyUSD"
source = { local = "../myusd" }

dependencies = [
  { id = "MoveStdlib", name = "MoveStdlib" },
  { id = "MySocial", name = "MySocial" },
]

[[move.package]]
id = "mydata"
source = { local = "../mydata" }

dependencies = [
  { id = "MoveStdlib", name = "MoveStdlib" },
  { id = "MySocial", name = "MySocial" },
]

[move.toolchain-version]
compiler-version = "0.0.1"
edition = "2024"
flavor = "mys"

[env]

[env.localnet]
chain-id = "03c444e8"
original-published-id = "0x73e88d4972f4d5d16a914ecb89176b04d83b3128e80f21491d76f3ed9b711340"
latest-published-id = "0x73e88d4972f4d5d16a914ecb89176b04d83b3128e80f21491d76f3ed9b711340"
published-version = "1"
